
Microsoft Visual Studio Solution File, Format Version 12.00
# Visual Studio Version 17
VisualStudioVersion = 17.0.31903.59
MinimumVisualStudioVersion = 10.0.40219.1
Project("{2150E333-8FDC-42A3-9474-1A3956D46DE8}") = "Application", "Application", "{E3A2E8F9-919B-4409-8956-4634EE071AED}"
EndProject
Project("{9A19103F-16F7-4668-BE54-9A1E7A4F7556}") = "MyFinancesTracker.Presentation.WebApi", "MyFinancesTracker.Presentation.WebApi\MyFinancesTracker.Presentation.WebApi.csproj", "{437F0CB2-67A4-4230-AC50-85A9A09CAB19}"
EndProject
Project("{2150E333-8FDC-42A3-9474-1A3956D46DE8}") = "Presentation", "Presentation", "{41638500-C913-45E6-BF6C-E909321395E6}"
EndProject
Project("{9A19103F-16F7-4668-BE54-9A1E7A4F7556}") = "MyFinancesTracker.Application.Transactions", "MyFinancesTracker.Application.Transactions\MyFinancesTracker.Application.Transactions.csproj", "{5208E965-9322-4280-9234-CE7480893E76}"
EndProject
Project("{2150E333-8FDC-42A3-9474-1A3956D46DE8}") = "Infrastructure", "Infrastructure", "{09B0F3F5-C02F-4A83-B320-4C79E2BA538E}"
EndProject
Project("{9A19103F-16F7-4668-BE54-9A1E7A4F7556}") = "MyFinancesTracker.Transactions.Persistence", "MyFinancesTracker.Transactions.Persistence\MyFinancesTracker.Transactions.Persistence.csproj", "{64229B76-689F-4BCB-A963-8C6C03F82A53}"
EndProject
Project("{2150E333-8FDC-42A3-9474-1A3956D46DE8}") = "Domain", "Domain", "{4A33DF9B-6E4D-457A-9C81-07B07922DB22}"
EndProject
Project("{9A19103F-16F7-4668-BE54-9A1E7A4F7556}") = "MyFinancesTracker.Transactions.Domain", "MyFinancesTracker.Transactions.Domain\MyFinancesTracker.Transactions.Domain.csproj", "{7A8805BD-2E9C-40B3-A3AA-BA82AF86CC2E}"
EndProject
Project("{2150E333-8FDC-42A3-9474-1A3956D46DE8}") = "Tests", "Tests", "{DE0A8285-892D-40BD-B14F-64201A59007B}"
EndProject
Project("{2150E333-8FDC-42A3-9474-1A3956D46DE8}") = "Application", "Application", "{F06D757E-BC17-4D2C-BB66-F73A6ACBD723}"
EndProject
Project("{FAE04EC0-301F-11D3-BF4B-00C04F79EFBC}") = "MyFinancesTracker.Transactions.UnitTests", "MyFinancesTracker.Transactions.UnitTests\MyFinancesTracker.Transactions.UnitTests.csproj", "{E36DC65F-0E74-4F75-8C6A-7174AFCCBFD9}"
EndProject
Global
	GlobalSection(SolutionConfigurationPlatforms) = preSolution
		Debug|Any CPU = Debug|Any CPU
		Release|Any CPU = Release|Any CPU
	EndGlobalSection
	GlobalSection(ProjectConfigurationPlatforms) = postSolution
		{437F0CB2-67A4-4230-AC50-85A9A09CAB19}.Debug|Any CPU.ActiveCfg = Debug|Any CPU
		{437F0CB2-67A4-4230-AC50-85A9A09CAB19}.Debug|Any CPU.Build.0 = Debug|Any CPU
		{437F0CB2-67A4-4230-AC50-85A9A09CAB19}.Release|Any CPU.ActiveCfg = Release|Any CPU
		{437F0CB2-67A4-4230-AC50-85A9A09CAB19}.Release|Any CPU.Build.0 = Release|Any CPU
		{5208E965-9322-4280-9234-CE7480893E76}.Debug|Any CPU.ActiveCfg = Debug|Any CPU
		{5208E965-9322-4280-9234-CE7480893E76}.Debug|Any CPU.Build.0 = Debug|Any CPU
		{5208E965-9322-4280-9234-CE7480893E76}.Release|Any CPU.ActiveCfg = Release|Any CPU
		{5208E965-9322-4280-9234-CE7480893E76}.Release|Any CPU.Build.0 = Release|Any CPU
		{64229B76-689F-4BCB-A963-8C6C03F82A53}.Debug|Any CPU.ActiveCfg = Debug|Any CPU
		{64229B76-689F-4BCB-A963-8C6C03F82A53}.Debug|Any CPU.Build.0 = Debug|Any CPU
		{64229B76-689F-4BCB-A963-8C6C03F82A53}.Release|Any CPU.ActiveCfg = Release|Any CPU
		{64229B76-689F-4BCB-A963-8C6C03F82A53}.Release|Any CPU.Build.0 = Release|Any CPU
		{7A8805BD-2E9C-40B3-A3AA-BA82AF86CC2E}.Debug|Any CPU.ActiveCfg = Debug|Any CPU
		{7A8805BD-2E9C-40B3-A3AA-BA82AF86CC2E}.Debug|Any CPU.Build.0 = Debug|Any CPU
		{7A8805BD-2E9C-40B3-A3AA-BA82AF86CC2E}.Release|Any CPU.ActiveCfg = Release|Any CPU
		{7A8805BD-2E9C-40B3-A3AA-BA82AF86CC2E}.Release|Any CPU.Build.0 = Release|Any CPU
		{E36DC65F-0E74-4F75-8C6A-7174AFCCBFD9}.Debug|Any CPU.ActiveCfg = Debug|Any CPU
		{E36DC65F-0E74-4F75-8C6A-7174AFCCBFD9}.Debug|Any CPU.Build.0 = Debug|Any CPU
		{E36DC65F-0E74-4F75-8C6A-7174AFCCBFD9}.Release|Any CPU.ActiveCfg = Release|Any CPU
		{E36DC65F-0E74-4F75-8C6A-7174AFCCBFD9}.Release|Any CPU.Build.0 = Release|Any CPU
	EndGlobalSection
	GlobalSection(SolutionProperties) = preSolution
		HideSolutionNode = FALSE
	EndGlobalSection
	GlobalSection(NestedProjects) = preSolution
		{437F0CB2-67A4-4230-AC50-85A9A09CAB19} = {41638500-C913-45E6-BF6C-E909321395E6}
		{5208E965-9322-4280-9234-CE7480893E76} = {E3A2E8F9-919B-4409-8956-4634EE071AED}
		{64229B76-689F-4BCB-A963-8C6C03F82A53} = {09B0F3F5-C02F-4A83-B320-4C79E2BA538E}
		{7A8805BD-2E9C-40B3-A3AA-BA82AF86CC2E} = {4A33DF9B-6E4D-457A-9C81-07B07922DB22}
		{F06D757E-BC17-4D2C-BB66-F73A6ACBD723} = {DE0A8285-892D-40BD-B14F-64201A59007B}
		{E36DC65F-0E74-4F75-8C6A-7174AFCCBFD9} = {F06D757E-BC17-4D2C-BB66-F73A6ACBD723}
	EndGlobalSection
	GlobalSection(ExtensibilityGlobals) = postSolution
		SolutionGuid = {1E75689D-D628-43D7-AF1B-3B797BB3DC34}
	EndGlobalSection
EndGlobal
